
Microsoft Visual Studio Solution File, Format Version 12.00
# Visual Studio Version 17
VisualStudioVersion = 17.5.002.0
MinimumVisualStudioVersion = 10.0.40219.1
Project("{9A19103F-16F7-4668-BE54-9A1E7A4F7556}") = "AlbumApi", "AlbumApi\AlbumApi.csproj", "{4280DE1C-6D7D-4853-AFD8-3241613F8991}"
EndProject
Global
	GlobalSection(SolutionConfigurationPlatforms) = preSolution
		Debug|Any CPU = Debug|Any CPU
		Release|Any CPU = Release|Any CPU
	EndGlobalSection
	GlobalSection(ProjectConfigurationPlatforms) = postSolution
		{4280DE1C-6D7D-4853-AFD8-3241613F8991}.Debug|Any CPU.ActiveCfg = Debug|Any CPU
		{4280DE1C-6D7D-4853-AFD8-3241613F8991}.Debug|Any CPU.Build.0 = Debug|Any CPU
		{4280DE1C-6D7D-4853-AFD8-3241613F8991}.Release|Any CPU.ActiveCfg = Release|Any CPU
		{4280DE1C-6D7D-4853-AFD8-3241613F8991}.Release|Any CPU.Build.0 = Release|Any CPU
	EndGlobalSection
	GlobalSection(SolutionProperties) = preSolution
		HideSolutionNode = FALSE
	EndGlobalSection
	GlobalSection(ExtensibilityGlobals) = postSolution
		SolutionGuid = {26DF8BD7-CE77-4C46-8508-DFB301C7592C}
	EndGlobalSection
EndGlobal
